
Microsoft Visual Studio Solution File, Format Version 12.00
# Visual Studio Version 17
VisualStudioVersion = 17.3.32825.248
MinimumVisualStudioVersion = 10.0.40219.1
Project("{9A19103F-16F7-4668-BE54-9A1E7A4F7556}") = "PhoneBook.Presentation.Razor", "PhoneBook.Presentation.Razor\PhoneBook.Presentation.Razor.csproj", "{456F189E-7F91-4578-ABCD-6B499E1BB13C}"
EndProject
Project("{9A19103F-16F7-4668-BE54-9A1E7A4F7556}") = "PhoneBook.Application", "PhoneBook.Application\PhoneBook.Application.csproj", "{1C93B1E9-4DCD-4B14-B54C-5DA152F1228D}"
EndProject
Project("{9A19103F-16F7-4668-BE54-9A1E7A4F7556}") = "PhoneBook.Domain", "PhoneBook.Domain\PhoneBook.Domain.csproj", "{A2A402DC-5CEE-45FF-A3B3-3EFE24B2F780}"
EndProject
Project("{9A19103F-16F7-4668-BE54-9A1E7A4F7556}") = "PhoneBook.Infrastructure.EFCore", "PhoneBook.Infrastructure.EFCore\PhoneBook.Infrastructure.EFCore.csproj", "{37EAA2DC-4825-422A-A2B8-BD62A7A86A59}"
EndProject
Project("{9A19103F-16F7-4668-BE54-9A1E7A4F7556}") = "PhoneBook.WorkerService.SendEmail", "PhoneBook.WorkerService.SendEmail\PhoneBook.WorkerService.SendEmail.csproj", "{EE44A291-4955-480A-863B-3CA64D183965}"
EndProject
Global
	GlobalSection(SolutionConfigurationPlatforms) = preSolution
		Debug|Any CPU = Debug|Any CPU
		Release|Any CPU = Release|Any CPU
	EndGlobalSection
	GlobalSection(ProjectConfigurationPlatforms) = postSolution
		{456F189E-7F91-4578-ABCD-6B499E1BB13C}.Debug|Any CPU.ActiveCfg = Debug|Any CPU
		{456F189E-7F91-4578-ABCD-6B499E1BB13C}.Debug|Any CPU.Build.0 = Debug|Any CPU
		{456F189E-7F91-4578-ABCD-6B499E1BB13C}.Release|Any CPU.ActiveCfg = Release|Any CPU
		{456F189E-7F91-4578-ABCD-6B499E1BB13C}.Release|Any CPU.Build.0 = Release|Any CPU
		{1C93B1E9-4DCD-4B14-B54C-5DA152F1228D}.Debug|Any CPU.ActiveCfg = Debug|Any CPU
		{1C93B1E9-4DCD-4B14-B54C-5DA152F1228D}.Debug|Any CPU.Build.0 = Debug|Any CPU
		{1C93B1E9-4DCD-4B14-B54C-5DA152F1228D}.Release|Any CPU.ActiveCfg = Release|Any CPU
		{1C93B1E9-4DCD-4B14-B54C-5DA152F1228D}.Release|Any CPU.Build.0 = Release|Any CPU
		{A2A402DC-5CEE-45FF-A3B3-3EFE24B2F780}.Debug|Any CPU.ActiveCfg = Debug|Any CPU
		{A2A402DC-5CEE-45FF-A3B3-3EFE24B2F780}.Debug|Any CPU.Build.0 = Debug|Any CPU
		{A2A402DC-5CEE-45FF-A3B3-3EFE24B2F780}.Release|Any CPU.ActiveCfg = Release|Any CPU
		{A2A402DC-5CEE-45FF-A3B3-3EFE24B2F780}.Release|Any CPU.Build.0 = Release|Any CPU
		{37EAA2DC-4825-422A-A2B8-BD62A7A86A59}.Debug|Any CPU.ActiveCfg = Debug|Any CPU
		{37EAA2DC-4825-422A-A2B8-BD62A7A86A59}.Debug|Any CPU.Build.0 = Debug|Any CPU
		{37EAA2DC-4825-422A-A2B8-BD62A7A86A59}.Release|Any CPU.ActiveCfg = Release|Any CPU
		{37EAA2DC-4825-422A-A2B8-BD62A7A86A59}.Release|Any CPU.Build.0 = Release|Any CPU
		{EE44A291-4955-480A-863B-3CA64D183965}.Debug|Any CPU.ActiveCfg = Debug|Any CPU
		{EE44A291-4955-480A-863B-3CA64D183965}.Debug|Any CPU.Build.0 = Debug|Any CPU
		{EE44A291-4955-480A-863B-3CA64D183965}.Release|Any CPU.ActiveCfg = Release|Any CPU
		{EE44A291-4955-480A-863B-3CA64D183965}.Release|Any CPU.Build.0 = Release|Any CPU
	EndGlobalSection
	GlobalSection(SolutionProperties) = preSolution
		HideSolutionNode = FALSE
	EndGlobalSection
	GlobalSection(ExtensibilityGlobals) = postSolution
		SolutionGuid = {BA9C4818-C2FB-4513-9145-C5AF48EB0257}
	EndGlobalSection
EndGlobal
